
Microsoft Visual Studio Solution File, Format Version 12.00
Project("{FAE04EC0-301F-11D3-BF4B-00C04F79EFBC}") = "LanguageValidator", "LanguageValidator.csproj", "{D18CD4A7-FD5E-4EE7-A8CD-5A70F256E05B}"
EndProject
Global
	GlobalSection(SolutionConfigurationPlatforms) = preSolution
		Debug|Any CPU = Debug|Any CPU
		Release|Any CPU = Release|Any CPU
	EndGlobalSection
	GlobalSection(ProjectConfigurationPlatforms) = postSolution
		{D18CD4A7-FD5E-4EE7-A8CD-5A70F256E05B}.Debug|Any CPU.ActiveCfg = Debug|Any CPU
		{D18CD4A7-FD5E-4EE7-A8CD-5A70F256E05B}.Debug|Any CPU.Build.0 = Debug|Any CPU
		{D18CD4A7-FD5E-4EE7-A8CD-5A70F256E05B}.Release|Any CPU.ActiveCfg = Release|Any CPU
		{D18CD4A7-FD5E-4EE7-A8CD-5A70F256E05B}.Release|Any CPU.Build.0 = Release|Any CPU
	EndGlobalSection
EndGlobal
